
Microsoft Visual Studio Solution File, Format Version 12.00
# Visual Studio Version 17
Project("{8BC9CEB8-8B4A-11D0-8D11-00A0C91BC942}") = "ALL_BUILD", "ALL_BUILD.vcxproj", "{DBBCB31D-942A-3D87-AD56-566E9AD8A8D9}"
	ProjectSection(ProjectDependencies) = postProject
		{98E5A24C-29BC-3848-9F17-8199795D82EC} = {98E5A24C-29BC-3848-9F17-8199795D82EC}
		{2AE5A5AA-DDAB-3106-A85F-3E460A313CE4} = {2AE5A5AA-DDAB-3106-A85F-3E460A313CE4}
		{9F02F6E5-A41A-3251-B7AD-303C22BC4AF6} = {9F02F6E5-A41A-3251-B7AD-303C22BC4AF6}
		{A4B88BE1-2FAA-3630-9369-2CA6378162AB} = {A4B88BE1-2FAA-3630-9369-2CA6378162AB}
		{8090FFD4-8794-30DF-AE20-1034948AC93A} = {8090FFD4-8794-30DF-AE20-1034948AC93A}
		{4363E32B-FA0D-3A3B-ACDE-F43E04B1F491} = {4363E32B-FA0D-3A3B-ACDE-F43E04B1F491}
		{25D37344-D931-30D5-8F5B-24D0384448E0} = {25D37344-D931-30D5-8F5B-24D0384448E0}
		{56DD88C5-0734-3435-A5E9-EB7B706D8577} = {56DD88C5-0734-3435-A5E9-EB7B706D8577}
		{E867B5E7-1FE0-3A29-89A8-3E7B7CE9AE16} = {E867B5E7-1FE0-3A29-89A8-3E7B7CE9AE16}
		{05782484-CB3A-361F-843A-0957A0061238} = {05782484-CB3A-361F-843A-0957A0061238}
		{B0830E0F-5126-340B-BF0E-215880161605} = {B0830E0F-5126-340B-BF0E-215880161605}
		{F09C61BF-9472-31BD-9DED-37B6820CEAA8} = {F09C61BF-9472-31BD-9DED-37B6820CEAA8}
		{6A595B36-DD6E-33A3-9C9A-9AD908CAF33A} = {6A595B36-DD6E-33A3-9C9A-9AD908CAF33A}
		{4C38B598-C867-352E-B606-3EB2D704D233} = {4C38B598-C867-352E-B606-3EB2D704D233}
		{C5DD844F-A7FC-3440-BAF5-4547DAB4D87B} = {C5DD844F-A7FC-3440-BAF5-4547DAB4D87B}
		{5FA90672-2BCB-3475-BF2F-C73941AD2328} = {5FA90672-2BCB-3475-BF2F-C73941AD2328}
		{4458295B-8FED-3756-8405-A3C9ACBB251F} = {4458295B-8FED-3756-8405-A3C9ACBB251F}
		{1570B84C-49EC-3B7E-A013-AE48327943A5} = {1570B84C-49EC-3B7E-A013-AE48327943A5}
		{13D1F373-E737-331C-AAAA-68F842D05E2C} = {13D1F373-E737-331C-AAAA-68F842D05E2C}
		{EE58614B-F1B4-375D-9391-213A02AD8029} = {EE58614B-F1B4-375D-9391-213A02AD8029}
		{4BD31BC8-4F5E-36F0-8F5C-BC3E74F0A15C} = {4BD31BC8-4F5E-36F0-8F5C-BC3E74F0A15C}
		{215F87FA-0685-30B4-B8C4-EDA8EA35D0DF} = {215F87FA-0685-30B4-B8C4-EDA8EA35D0DF}
		{87AC48C4-0EE4-3752-9AEA-4776296FCF5B} = {87AC48C4-0EE4-3752-9AEA-4776296FCF5B}
	EndProjectSection
EndProject
Project("{8BC9CEB8-8B4A-11D0-8D11-00A0C91BC942}") = "Continuous", "submodules\libuv\Continuous.vcxproj", "{DD3CE996-F11D-3940-AC4E-D35409FD89B0}"
	ProjectSection(ProjectDependencies) = postProject
		{4363E32B-FA0D-3A3B-ACDE-F43E04B1F491} = {4363E32B-FA0D-3A3B-ACDE-F43E04B1F491}
	EndProjectSection
EndProject
Project("{8BC9CEB8-8B4A-11D0-8D11-00A0C91BC942}") = "DebugUtils", "submodules\recastnavigation\DebugUtils\DebugUtils.vcxproj", "{98E5A24C-29BC-3848-9F17-8199795D82EC}"
	ProjectSection(ProjectDependencies) = postProject
		{2AE5A5AA-DDAB-3106-A85F-3E460A313CE4} = {2AE5A5AA-DDAB-3106-A85F-3E460A313CE4}
		{A4B88BE1-2FAA-3630-9369-2CA6378162AB} = {A4B88BE1-2FAA-3630-9369-2CA6378162AB}
		{8090FFD4-8794-30DF-AE20-1034948AC93A} = {8090FFD4-8794-30DF-AE20-1034948AC93A}
		{4363E32B-FA0D-3A3B-ACDE-F43E04B1F491} = {4363E32B-FA0D-3A3B-ACDE-F43E04B1F491}
	EndProjectSection
EndProject
Project("{8BC9CEB8-8B4A-11D0-8D11-00A0C91BC942}") = "Detour", "submodules\recastnavigation\Detour\Detour.vcxproj", "{2AE5A5AA-DDAB-3106-A85F-3E460A313CE4}"
	ProjectSection(ProjectDependencies) = postProject
		{4363E32B-FA0D-3A3B-ACDE-F43E04B1F491} = {4363E32B-FA0D-3A3B-ACDE-F43E04B1F491}
	EndProjectSection
EndProject
Project("{8BC9CEB8-8B4A-11D0-8D11-00A0C91BC942}") = "DetourCrowd", "submodules\recastnavigation\DetourCrowd\DetourCrowd.vcxproj", "{9F02F6E5-A41A-3251-B7AD-303C22BC4AF6}"
	ProjectSection(ProjectDependencies) = postProject
		{2AE5A5AA-DDAB-3106-A85F-3E460A313CE4} = {2AE5A5AA-DDAB-3106-A85F-3E460A313CE4}
		{4363E32B-FA0D-3A3B-ACDE-F43E04B1F491} = {4363E32B-FA0D-3A3B-ACDE-F43E04B1F491}
	EndProjectSection
EndProject
Project("{8BC9CEB8-8B4A-11D0-8D11-00A0C91BC942}") = "DetourTileCache", "submodules\recastnavigation\DetourTileCache\DetourTileCache.vcxproj", "{A4B88BE1-2FAA-3630-9369-2CA6378162AB}"
	ProjectSection(ProjectDependencies) = postProject
		{2AE5A5AA-DDAB-3106-A85F-3E460A313CE4} = {2AE5A5AA-DDAB-3106-A85F-3E460A313CE4}
		{4363E32B-FA0D-3A3B-ACDE-F43E04B1F491} = {4363E32B-FA0D-3A3B-ACDE-F43E04B1F491}
	EndProjectSection
EndProject
Project("{8BC9CEB8-8B4A-11D0-8D11-00A0C91BC942}") = "Experimental", "submodules\libuv\Experimental.vcxproj", "{7F264711-396C-37F3-B952-65DADCFA4F4E}"
	ProjectSection(ProjectDependencies) = postProject
		{4363E32B-FA0D-3A3B-ACDE-F43E04B1F491} = {4363E32B-FA0D-3A3B-ACDE-F43E04B1F491}
	EndProjectSection
EndProject
Project("{8BC9CEB8-8B4A-11D0-8D11-00A0C91BC942}") = "INSTALL", "INSTALL.vcxproj", "{583268B9-63F4-3145-B877-8D9CD10B1C07}"
	ProjectSection(ProjectDependencies) = postProject
		{DBBCB31D-942A-3D87-AD56-566E9AD8A8D9} = {DBBCB31D-942A-3D87-AD56-566E9AD8A8D9}
		{4363E32B-FA0D-3A3B-ACDE-F43E04B1F491} = {4363E32B-FA0D-3A3B-ACDE-F43E04B1F491}
	EndProjectSection
EndProject
Project("{8BC9CEB8-8B4A-11D0-8D11-00A0C91BC942}") = "Nightly", "submodules\libuv\Nightly.vcxproj", "{5386FAC3-B1AD-334D-BA5B-04DEC8464B8B}"
	ProjectSection(ProjectDependencies) = postProject
		{4363E32B-FA0D-3A3B-ACDE-F43E04B1F491} = {4363E32B-FA0D-3A3B-ACDE-F43E04B1F491}
	EndProjectSection
EndProject
Project("{8BC9CEB8-8B4A-11D0-8D11-00A0C91BC942}") = "NightlyMemoryCheck", "submodules\libuv\NightlyMemoryCheck.vcxproj", "{1E376064-7321-3F02-85EF-004EAA512199}"
	ProjectSection(ProjectDependencies) = postProject
		{4363E32B-FA0D-3A3B-ACDE-F43E04B1F491} = {4363E32B-FA0D-3A3B-ACDE-F43E04B1F491}
	EndProjectSection
EndProject
Project("{8BC9CEB8-8B4A-11D0-8D11-00A0C91BC942}") = "Recast", "submodules\recastnavigation\Recast\Recast.vcxproj", "{8090FFD4-8794-30DF-AE20-1034948AC93A}"
	ProjectSection(ProjectDependencies) = postProject
		{4363E32B-FA0D-3A3B-ACDE-F43E04B1F491} = {4363E32B-FA0D-3A3B-ACDE-F43E04B1F491}
	EndProjectSection
EndProject
Project("{8BC9CEB8-8B4A-11D0-8D11-00A0C91BC942}") = "ZERO_CHECK", "ZERO_CHECK.vcxproj", "{4363E32B-FA0D-3A3B-ACDE-F43E04B1F491}"
	ProjectSection(ProjectDependencies) = postProject
	EndProjectSection
EndProject
Project("{8BC9CEB8-8B4A-11D0-8D11-00A0C91BC942}") = "common", "common\common.vcxproj", "{25D37344-D931-30D5-8F5B-24D0384448E0}"
	ProjectSection(ProjectDependencies) = postProject
		{4363E32B-FA0D-3A3B-ACDE-F43E04B1F491} = {4363E32B-FA0D-3A3B-ACDE-F43E04B1F491}
	EndProjectSection
EndProject
Project("{8BC9CEB8-8B4A-11D0-8D11-00A0C91BC942}") = "eqlaunch", "eqlaunch\eqlaunch.vcxproj", "{56DD88C5-0734-3435-A5E9-EB7B706D8577}"
	ProjectSection(ProjectDependencies) = postProject
		{2AE5A5AA-DDAB-3106-A85F-3E460A313CE4} = {2AE5A5AA-DDAB-3106-A85F-3E460A313CE4}
		{4363E32B-FA0D-3A3B-ACDE-F43E04B1F491} = {4363E32B-FA0D-3A3B-ACDE-F43E04B1F491}
		{25D37344-D931-30D5-8F5B-24D0384448E0} = {25D37344-D931-30D5-8F5B-24D0384448E0}
		{05782484-CB3A-361F-843A-0957A0061238} = {05782484-CB3A-361F-843A-0957A0061238}
		{4C38B598-C867-352E-B606-3EB2D704D233} = {4C38B598-C867-352E-B606-3EB2D704D233}
		{13D1F373-E737-331C-AAAA-68F842D05E2C} = {13D1F373-E737-331C-AAAA-68F842D05E2C}
		{215F87FA-0685-30B4-B8C4-EDA8EA35D0DF} = {215F87FA-0685-30B4-B8C4-EDA8EA35D0DF}
	EndProjectSection
EndProject
Project("{8BC9CEB8-8B4A-11D0-8D11-00A0C91BC942}") = "export_client_files", "client_files\export\export_client_files.vcxproj", "{E867B5E7-1FE0-3A29-89A8-3E7B7CE9AE16}"
	ProjectSection(ProjectDependencies) = postProject
		{2AE5A5AA-DDAB-3106-A85F-3E460A313CE4} = {2AE5A5AA-DDAB-3106-A85F-3E460A313CE4}
		{4363E32B-FA0D-3A3B-ACDE-F43E04B1F491} = {4363E32B-FA0D-3A3B-ACDE-F43E04B1F491}
		{25D37344-D931-30D5-8F5B-24D0384448E0} = {25D37344-D931-30D5-8F5B-24D0384448E0}
		{05782484-CB3A-361F-843A-0957A0061238} = {05782484-CB3A-361F-843A-0957A0061238}
		{4C38B598-C867-352E-B606-3EB2D704D233} = {4C38B598-C867-352E-B606-3EB2D704D233}
		{13D1F373-E737-331C-AAAA-68F842D05E2C} = {13D1F373-E737-331C-AAAA-68F842D05E2C}
		{215F87FA-0685-30B4-B8C4-EDA8EA35D0DF} = {215F87FA-0685-30B4-B8C4-EDA8EA35D0DF}
	EndProjectSection
EndProject
Project("{8BC9CEB8-8B4A-11D0-8D11-00A0C91BC942}") = "fmt", "submodules\fmt\fmt.vcxproj", "{05782484-CB3A-361F-843A-0957A0061238}"
	ProjectSection(ProjectDependencies) = postProject
		{4363E32B-FA0D-3A3B-ACDE-F43E04B1F491} = {4363E32B-FA0D-3A3B-ACDE-F43E04B1F491}
	EndProjectSection
EndProject
Project("{8BC9CEB8-8B4A-11D0-8D11-00A0C91BC942}") = "import_client_files", "client_files\import\import_client_files.vcxproj", "{B0830E0F-5126-340B-BF0E-215880161605}"
	ProjectSection(ProjectDependencies) = postProject
		{2AE5A5AA-DDAB-3106-A85F-3E460A313CE4} = {2AE5A5AA-DDAB-3106-A85F-3E460A313CE4}
		{4363E32B-FA0D-3A3B-ACDE-F43E04B1F491} = {4363E32B-FA0D-3A3B-ACDE-F43E04B1F491}
		{25D37344-D931-30D5-8F5B-24D0384448E0} = {25D37344-D931-30D5-8F5B-24D0384448E0}
		{05782484-CB3A-361F-843A-0957A0061238} = {05782484-CB3A-361F-843A-0957A0061238}
		{4C38B598-C867-352E-B606-3EB2D704D233} = {4C38B598-C867-352E-B606-3EB2D704D233}
		{13D1F373-E737-331C-AAAA-68F842D05E2C} = {13D1F373-E737-331C-AAAA-68F842D05E2C}
		{215F87FA-0685-30B4-B8C4-EDA8EA35D0DF} = {215F87FA-0685-30B4-B8C4-EDA8EA35D0DF}
	EndProjectSection
EndProject
Project("{8BC9CEB8-8B4A-11D0-8D11-00A0C91BC942}") = "loginserver", "loginserver\loginserver.vcxproj", "{F09C61BF-9472-31BD-9DED-37B6820CEAA8}"
	ProjectSection(ProjectDependencies) = postProject
		{2AE5A5AA-DDAB-3106-A85F-3E460A313CE4} = {2AE5A5AA-DDAB-3106-A85F-3E460A313CE4}
		{4363E32B-FA0D-3A3B-ACDE-F43E04B1F491} = {4363E32B-FA0D-3A3B-ACDE-F43E04B1F491}
		{25D37344-D931-30D5-8F5B-24D0384448E0} = {25D37344-D931-30D5-8F5B-24D0384448E0}
		{05782484-CB3A-361F-843A-0957A0061238} = {05782484-CB3A-361F-843A-0957A0061238}
		{4C38B598-C867-352E-B606-3EB2D704D233} = {4C38B598-C867-352E-B606-3EB2D704D233}
		{13D1F373-E737-331C-AAAA-68F842D05E2C} = {13D1F373-E737-331C-AAAA-68F842D05E2C}
		{215F87FA-0685-30B4-B8C4-EDA8EA35D0DF} = {215F87FA-0685-30B4-B8C4-EDA8EA35D0DF}
	EndProjectSection
EndProject
Project("{8BC9CEB8-8B4A-11D0-8D11-00A0C91BC942}") = "luabind", "libs\luabind\luabind.vcxproj", "{6A595B36-DD6E-33A3-9C9A-9AD908CAF33A}"
	ProjectSection(ProjectDependencies) = postProject
		{4363E32B-FA0D-3A3B-ACDE-F43E04B1F491} = {4363E32B-FA0D-3A3B-ACDE-F43E04B1F491}
	EndProjectSection
EndProject
Project("{8BC9CEB8-8B4A-11D0-8D11-00A0C91BC942}") = "perlbind", "libs\perlbind\perlbind.vcxproj", "{4C38B598-C867-352E-B606-3EB2D704D233}"
	ProjectSection(ProjectDependencies) = postProject
		{4363E32B-FA0D-3A3B-ACDE-F43E04B1F491} = {4363E32B-FA0D-3A3B-ACDE-F43E04B1F491}
	EndProjectSection
EndProject
Project("{8BC9CEB8-8B4A-11D0-8D11-00A0C91BC942}") = "queryserv", "queryserv\queryserv.vcxproj", "{C5DD844F-A7FC-3440-BAF5-4547DAB4D87B}"
	ProjectSection(ProjectDependencies) = postProject
		{2AE5A5AA-DDAB-3106-A85F-3E460A313CE4} = {2AE5A5AA-DDAB-3106-A85F-3E460A313CE4}
		{4363E32B-FA0D-3A3B-ACDE-F43E04B1F491} = {4363E32B-FA0D-3A3B-ACDE-F43E04B1F491}
		{25D37344-D931-30D5-8F5B-24D0384448E0} = {25D37344-D931-30D5-8F5B-24D0384448E0}
		{05782484-CB3A-361F-843A-0957A0061238} = {05782484-CB3A-361F-843A-0957A0061238}
		{4C38B598-C867-352E-B606-3EB2D704D233} = {4C38B598-C867-352E-B606-3EB2D704D233}
		{13D1F373-E737-331C-AAAA-68F842D05E2C} = {13D1F373-E737-331C-AAAA-68F842D05E2C}
		{215F87FA-0685-30B4-B8C4-EDA8EA35D0DF} = {215F87FA-0685-30B4-B8C4-EDA8EA35D0DF}
	EndProjectSection
EndProject
Project("{8BC9CEB8-8B4A-11D0-8D11-00A0C91BC942}") = "shared_memory", "shared_memory\shared_memory.vcxproj", "{5FA90672-2BCB-3475-BF2F-C73941AD2328}"
	ProjectSection(ProjectDependencies) = postProject
		{2AE5A5AA-DDAB-3106-A85F-3E460A313CE4} = {2AE5A5AA-DDAB-3106-A85F-3E460A313CE4}
		{4363E32B-FA0D-3A3B-ACDE-F43E04B1F491} = {4363E32B-FA0D-3A3B-ACDE-F43E04B1F491}
		{25D37344-D931-30D5-8F5B-24D0384448E0} = {25D37344-D931-30D5-8F5B-24D0384448E0}
		{05782484-CB3A-361F-843A-0957A0061238} = {05782484-CB3A-361F-843A-0957A0061238}
		{4C38B598-C867-352E-B606-3EB2D704D233} = {4C38B598-C867-352E-B606-3EB2D704D233}
		{13D1F373-E737-331C-AAAA-68F842D05E2C} = {13D1F373-E737-331C-AAAA-68F842D05E2C}
		{215F87FA-0685-30B4-B8C4-EDA8EA35D0DF} = {215F87FA-0685-30B4-B8C4-EDA8EA35D0DF}
	EndProjectSection
EndProject
Project("{8BC9CEB8-8B4A-11D0-8D11-00A0C91BC942}") = "ucs", "ucs\ucs.vcxproj", "{4458295B-8FED-3756-8405-A3C9ACBB251F}"
	ProjectSection(ProjectDependencies) = postProject
		{2AE5A5AA-DDAB-3106-A85F-3E460A313CE4} = {2AE5A5AA-DDAB-3106-A85F-3E460A313CE4}
		{4363E32B-FA0D-3A3B-ACDE-F43E04B1F491} = {4363E32B-FA0D-3A3B-ACDE-F43E04B1F491}
		{25D37344-D931-30D5-8F5B-24D0384448E0} = {25D37344-D931-30D5-8F5B-24D0384448E0}
		{05782484-CB3A-361F-843A-0957A0061238} = {05782484-CB3A-361F-843A-0957A0061238}
		{4C38B598-C867-352E-B606-3EB2D704D233} = {4C38B598-C867-352E-B606-3EB2D704D233}
		{13D1F373-E737-331C-AAAA-68F842D05E2C} = {13D1F373-E737-331C-AAAA-68F842D05E2C}
		{215F87FA-0685-30B4-B8C4-EDA8EA35D0DF} = {215F87FA-0685-30B4-B8C4-EDA8EA35D0DF}
	EndProjectSection
EndProject
Project("{8BC9CEB8-8B4A-11D0-8D11-00A0C91BC942}") = "uv", "submodules\libuv\uv.vcxproj", "{1570B84C-49EC-3B7E-A013-AE48327943A5}"
	ProjectSection(ProjectDependencies) = postProject
		{4363E32B-FA0D-3A3B-ACDE-F43E04B1F491} = {4363E32B-FA0D-3A3B-ACDE-F43E04B1F491}
	EndProjectSection
EndProject
Project("{8BC9CEB8-8B4A-11D0-8D11-00A0C91BC942}") = "uv_a", "submodules\libuv\uv_a.vcxproj", "{13D1F373-E737-331C-AAAA-68F842D05E2C}"
	ProjectSection(ProjectDependencies) = postProject
		{4363E32B-FA0D-3A3B-ACDE-F43E04B1F491} = {4363E32B-FA0D-3A3B-ACDE-F43E04B1F491}
	EndProjectSection
EndProject
Project("{8BC9CEB8-8B4A-11D0-8D11-00A0C91BC942}") = "world", "world\world.vcxproj", "{EE58614B-F1B4-375D-9391-213A02AD8029}"
	ProjectSection(ProjectDependencies) = postProject
		{2AE5A5AA-DDAB-3106-A85F-3E460A313CE4} = {2AE5A5AA-DDAB-3106-A85F-3E460A313CE4}
		{4363E32B-FA0D-3A3B-ACDE-F43E04B1F491} = {4363E32B-FA0D-3A3B-ACDE-F43E04B1F491}
		{25D37344-D931-30D5-8F5B-24D0384448E0} = {25D37344-D931-30D5-8F5B-24D0384448E0}
		{05782484-CB3A-361F-843A-0957A0061238} = {05782484-CB3A-361F-843A-0957A0061238}
		{4C38B598-C867-352E-B606-3EB2D704D233} = {4C38B598-C867-352E-B606-3EB2D704D233}
		{13D1F373-E737-331C-AAAA-68F842D05E2C} = {13D1F373-E737-331C-AAAA-68F842D05E2C}
		{215F87FA-0685-30B4-B8C4-EDA8EA35D0DF} = {215F87FA-0685-30B4-B8C4-EDA8EA35D0DF}
	EndProjectSection
EndProject
Project("{8BC9CEB8-8B4A-11D0-8D11-00A0C91BC942}") = "zlib", "libs\zlibng\zlib.vcxproj", "{4BD31BC8-4F5E-36F0-8F5C-BC3E74F0A15C}"
	ProjectSection(ProjectDependencies) = postProject
		{4363E32B-FA0D-3A3B-ACDE-F43E04B1F491} = {4363E32B-FA0D-3A3B-ACDE-F43E04B1F491}
	EndProjectSection
EndProject
Project("{8BC9CEB8-8B4A-11D0-8D11-00A0C91BC942}") = "zlibstatic", "libs\zlibng\zlibstatic.vcxproj", "{215F87FA-0685-30B4-B8C4-EDA8EA35D0DF}"
	ProjectSection(ProjectDependencies) = postProject
		{4363E32B-FA0D-3A3B-ACDE-F43E04B1F491} = {4363E32B-FA0D-3A3B-ACDE-F43E04B1F491}
	EndProjectSection
EndProject
Project("{8BC9CEB8-8B4A-11D0-8D11-00A0C91BC942}") = "zone", "zone\zone.vcxproj", "{87AC48C4-0EE4-3752-9AEA-4776296FCF5B}"
	ProjectSection(ProjectDependencies) = postProject
		{2AE5A5AA-DDAB-3106-A85F-3E460A313CE4} = {2AE5A5AA-DDAB-3106-A85F-3E460A313CE4}
		{4363E32B-FA0D-3A3B-ACDE-F43E04B1F491} = {4363E32B-FA0D-3A3B-ACDE-F43E04B1F491}
		{25D37344-D931-30D5-8F5B-24D0384448E0} = {25D37344-D931-30D5-8F5B-24D0384448E0}
		{05782484-CB3A-361F-843A-0957A0061238} = {05782484-CB3A-361F-843A-0957A0061238}
		{6A595B36-DD6E-33A3-9C9A-9AD908CAF33A} = {6A595B36-DD6E-33A3-9C9A-9AD908CAF33A}
		{4C38B598-C867-352E-B606-3EB2D704D233} = {4C38B598-C867-352E-B606-3EB2D704D233}
		{13D1F373-E737-331C-AAAA-68F842D05E2C} = {13D1F373-E737-331C-AAAA-68F842D05E2C}
		{215F87FA-0685-30B4-B8C4-EDA8EA35D0DF} = {215F87FA-0685-30B4-B8C4-EDA8EA35D0DF}
	EndProjectSection
EndProject
Global
	GlobalSection(SolutionConfigurationPlatforms) = preSolution
		Debug|x64 = Debug|x64
		Release|x64 = Release|x64
		MinSizeRel|x64 = MinSizeRel|x64
		RelWithDebInfo|x64 = RelWithDebInfo|x64
	EndGlobalSection
	GlobalSection(ProjectConfigurationPlatforms) = postSolution
		{DBBCB31D-942A-3D87-AD56-566E9AD8A8D9}.Debug|x64.ActiveCfg = Debug|x64
		{DBBCB31D-942A-3D87-AD56-566E9AD8A8D9}.Debug|x64.Build.0 = Debug|x64
		{DBBCB31D-942A-3D87-AD56-566E9AD8A8D9}.Release|x64.ActiveCfg = Release|x64
		{DBBCB31D-942A-3D87-AD56-566E9AD8A8D9}.Release|x64.Build.0 = Release|x64
		{DBBCB31D-942A-3D87-AD56-566E9AD8A8D9}.MinSizeRel|x64.ActiveCfg = MinSizeRel|x64
		{DBBCB31D-942A-3D87-AD56-566E9AD8A8D9}.MinSizeRel|x64.Build.0 = MinSizeRel|x64
		{DBBCB31D-942A-3D87-AD56-566E9AD8A8D9}.RelWithDebInfo|x64.ActiveCfg = RelWithDebInfo|x64
		{DBBCB31D-942A-3D87-AD56-566E9AD8A8D9}.RelWithDebInfo|x64.Build.0 = RelWithDebInfo|x64
		{DD3CE996-F11D-3940-AC4E-D35409FD89B0}.Debug|x64.ActiveCfg = Debug|x64
		{DD3CE996-F11D-3940-AC4E-D35409FD89B0}.Release|x64.ActiveCfg = Release|x64
		{DD3CE996-F11D-3940-AC4E-D35409FD89B0}.MinSizeRel|x64.ActiveCfg = MinSizeRel|x64
		{DD3CE996-F11D-3940-AC4E-D35409FD89B0}.RelWithDebInfo|x64.ActiveCfg = RelWithDebInfo|x64
		{98E5A24C-29BC-3848-9F17-8199795D82EC}.Debug|x64.ActiveCfg = Debug|x64
		{98E5A24C-29BC-3848-9F17-8199795D82EC}.Debug|x64.Build.0 = Debug|x64
		{98E5A24C-29BC-3848-9F17-8199795D82EC}.Release|x64.ActiveCfg = Release|x64
		{98E5A24C-29BC-3848-9F17-8199795D82EC}.Release|x64.Build.0 = Release|x64
		{98E5A24C-29BC-3848-9F17-8199795D82EC}.MinSizeRel|x64.ActiveCfg = MinSizeRel|x64
		{98E5A24C-29BC-3848-9F17-8199795D82EC}.MinSizeRel|x64.Build.0 = MinSizeRel|x64
		{98E5A24C-29BC-3848-9F17-8199795D82EC}.RelWithDebInfo|x64.ActiveCfg = RelWithDebInfo|x64
		{98E5A24C-29BC-3848-9F17-8199795D82EC}.RelWithDebInfo|x64.Build.0 = RelWithDebInfo|x64
		{2AE5A5AA-DDAB-3106-A85F-3E460A313CE4}.Debug|x64.ActiveCfg = Debug|x64
		{2AE5A5AA-DDAB-3106-A85F-3E460A313CE4}.Debug|x64.Build.0 = Debug|x64
		{2AE5A5AA-DDAB-3106-A85F-3E460A313CE4}.Release|x64.ActiveCfg = Release|x64
		{2AE5A5AA-DDAB-3106-A85F-3E460A313CE4}.Release|x64.Build.0 = Release|x64
		{2AE5A5AA-DDAB-3106-A85F-3E460A313CE4}.MinSizeRel|x64.ActiveCfg = MinSizeRel|x64
		{2AE5A5AA-DDAB-3106-A85F-3E460A313CE4}.MinSizeRel|x64.Build.0 = MinSizeRel|x64
		{2AE5A5AA-DDAB-3106-A85F-3E460A313CE4}.RelWithDebInfo|x64.ActiveCfg = RelWithDebInfo|x64
		{2AE5A5AA-DDAB-3106-A85F-3E460A313CE4}.RelWithDebInfo|x64.Build.0 = RelWithDebInfo|x64
		{9F02F6E5-A41A-3251-B7AD-303C22BC4AF6}.Debug|x64.ActiveCfg = Debug|x64
		{9F02F6E5-A41A-3251-B7AD-303C22BC4AF6}.Debug|x64.Build.0 = Debug|x64
		{9F02F6E5-A41A-3251-B7AD-303C22BC4AF6}.Release|x64.ActiveCfg = Release|x64
		{9F02F6E5-A41A-3251-B7AD-303C22BC4AF6}.Release|x64.Build.0 = Release|x64
		{9F02F6E5-A41A-3251-B7AD-303C22BC4AF6}.MinSizeRel|x64.ActiveCfg = MinSizeRel|x64
		{9F02F6E5-A41A-3251-B7AD-303C22BC4AF6}.MinSizeRel|x64.Build.0 = MinSizeRel|x64
		{9F02F6E5-A41A-3251-B7AD-303C22BC4AF6}.RelWithDebInfo|x64.ActiveCfg = RelWithDebInfo|x64
		{9F02F6E5-A41A-3251-B7AD-303C22BC4AF6}.RelWithDebInfo|x64.Build.0 = RelWithDebInfo|x64
		{A4B88BE1-2FAA-3630-9369-2CA6378162AB}.Debug|x64.ActiveCfg = Debug|x64
		{A4B88BE1-2FAA-3630-9369-2CA6378162AB}.Debug|x64.Build.0 = Debug|x64
		{A4B88BE1-2FAA-3630-9369-2CA6378162AB}.Release|x64.ActiveCfg = Release|x64
		{A4B88BE1-2FAA-3630-9369-2CA6378162AB}.Release|x64.Build.0 = Release|x64
		{A4B88BE1-2FAA-3630-9369-2CA6378162AB}.MinSizeRel|x64.ActiveCfg = MinSizeRel|x64
		{A4B88BE1-2FAA-3630-9369-2CA6378162AB}.MinSizeRel|x64.Build.0 = MinSizeRel|x64
		{A4B88BE1-2FAA-3630-9369-2CA6378162AB}.RelWithDebInfo|x64.ActiveCfg = RelWithDebInfo|x64
		{A4B88BE1-2FAA-3630-9369-2CA6378162AB}.RelWithDebInfo|x64.Build.0 = RelWithDebInfo|x64
		{7F264711-396C-37F3-B952-65DADCFA4F4E}.Debug|x64.ActiveCfg = Debug|x64
		{7F264711-396C-37F3-B952-65DADCFA4F4E}.Release|x64.ActiveCfg = Release|x64
		{7F264711-396C-37F3-B952-65DADCFA4F4E}.MinSizeRel|x64.ActiveCfg = MinSizeRel|x64
		{7F264711-396C-37F3-B952-65DADCFA4F4E}.RelWithDebInfo|x64.ActiveCfg = RelWithDebInfo|x64
		{583268B9-63F4-3145-B877-8D9CD10B1C07}.Debug|x64.ActiveCfg = Debug|x64
		{583268B9-63F4-3145-B877-8D9CD10B1C07}.Release|x64.ActiveCfg = Release|x64
		{583268B9-63F4-3145-B877-8D9CD10B1C07}.MinSizeRel|x64.ActiveCfg = MinSizeRel|x64
		{583268B9-63F4-3145-B877-8D9CD10B1C07}.RelWithDebInfo|x64.ActiveCfg = RelWithDebInfo|x64
		{5386FAC3-B1AD-334D-BA5B-04DEC8464B8B}.Debug|x64.ActiveCfg = Debug|x64
		{5386FAC3-B1AD-334D-BA5B-04DEC8464B8B}.Release|x64.ActiveCfg = Release|x64
		{5386FAC3-B1AD-334D-BA5B-04DEC8464B8B}.MinSizeRel|x64.ActiveCfg = MinSizeRel|x64
		{5386FAC3-B1AD-334D-BA5B-04DEC8464B8B}.RelWithDebInfo|x64.ActiveCfg = RelWithDebInfo|x64
		{1E376064-7321-3F02-85EF-004EAA512199}.Debug|x64.ActiveCfg = Debug|x64
		{1E376064-7321-3F02-85EF-004EAA512199}.Release|x64.ActiveCfg = Release|x64
		{1E376064-7321-3F02-85EF-004EAA512199}.MinSizeRel|x64.ActiveCfg = MinSizeRel|x64
		{1E376064-7321-3F02-85EF-004EAA512199}.RelWithDebInfo|x64.ActiveCfg = RelWithDebInfo|x64
		{8090FFD4-8794-30DF-AE20-1034948AC93A}.Debug|x64.ActiveCfg = Debug|x64
		{8090FFD4-8794-30DF-AE20-1034948AC93A}.Debug|x64.Build.0 = Debug|x64
		{8090FFD4-8794-30DF-AE20-1034948AC93A}.Release|x64.ActiveCfg = Release|x64
		{8090FFD4-8794-30DF-AE20-1034948AC93A}.Release|x64.Build.0 = Release|x64
		{8090FFD4-8794-30DF-AE20-1034948AC93A}.MinSizeRel|x64.ActiveCfg = MinSizeRel|x64
		{8090FFD4-8794-30DF-AE20-1034948AC93A}.MinSizeRel|x64.Build.0 = MinSizeRel|x64
		{8090FFD4-8794-30DF-AE20-1034948AC93A}.RelWithDebInfo|x64.ActiveCfg = RelWithDebInfo|x64
		{8090FFD4-8794-30DF-AE20-1034948AC93A}.RelWithDebInfo|x64.Build.0 = RelWithDebInfo|x64
		{4363E32B-FA0D-3A3B-ACDE-F43E04B1F491}.Debug|x64.ActiveCfg = Debug|x64
		{4363E32B-FA0D-3A3B-ACDE-F43E04B1F491}.Debug|x64.Build.0 = Debug|x64
		{4363E32B-FA0D-3A3B-ACDE-F43E04B1F491}.Release|x64.ActiveCfg = Release|x64
		{4363E32B-FA0D-3A3B-ACDE-F43E04B1F491}.Release|x64.Build.0 = Release|x64
		{4363E32B-FA0D-3A3B-ACDE-F43E04B1F491}.MinSizeRel|x64.ActiveCfg = MinSizeRel|x64
		{4363E32B-FA0D-3A3B-ACDE-F43E04B1F491}.MinSizeRel|x64.Build.0 = MinSizeRel|x64
		{4363E32B-FA0D-3A3B-ACDE-F43E04B1F491}.RelWithDebInfo|x64.ActiveCfg = RelWithDebInfo|x64
		{4363E32B-FA0D-3A3B-ACDE-F43E04B1F491}.RelWithDebInfo|x64.Build.0 = RelWithDebInfo|x64
		{25D37344-D931-30D5-8F5B-24D0384448E0}.Debug|x64.ActiveCfg = Debug|x64
		{25D37344-D931-30D5-8F5B-24D0384448E0}.Debug|x64.Build.0 = Debug|x64
		{25D37344-D931-30D5-8F5B-24D0384448E0}.Release|x64.ActiveCfg = Release|x64
		{25D37344-D931-30D5-8F5B-24D0384448E0}.Release|x64.Build.0 = Release|x64
		{25D37344-D931-30D5-8F5B-24D0384448E0}.MinSizeRel|x64.ActiveCfg = MinSizeRel|x64
		{25D37344-D931-30D5-8F5B-24D0384448E0}.MinSizeRel|x64.Build.0 = MinSizeRel|x64
		{25D37344-D931-30D5-8F5B-24D0384448E0}.RelWithDebInfo|x64.ActiveCfg = RelWithDebInfo|x64
		{25D37344-D931-30D5-8F5B-24D0384448E0}.RelWithDebInfo|x64.Build.0 = RelWithDebInfo|x64
		{56DD88C5-0734-3435-A5E9-EB7B706D8577}.Debug|x64.ActiveCfg = Debug|x64
		{56DD88C5-0734-3435-A5E9-EB7B706D8577}.Debug|x64.Build.0 = Debug|x64
		{56DD88C5-0734-3435-A5E9-EB7B706D8577}.Release|x64.ActiveCfg = Release|x64
		{56DD88C5-0734-3435-A5E9-EB7B706D8577}.Release|x64.Build.0 = Release|x64
		{56DD88C5-0734-3435-A5E9-EB7B706D8577}.MinSizeRel|x64.ActiveCfg = MinSizeRel|x64
		{56DD88C5-0734-3435-A5E9-EB7B706D8577}.MinSizeRel|x64.Build.0 = MinSizeRel|x64
		{56DD88C5-0734-3435-A5E9-EB7B706D8577}.RelWithDebInfo|x64.ActiveCfg = RelWithDebInfo|x64
		{56DD88C5-0734-3435-A5E9-EB7B706D8577}.RelWithDebInfo|x64.Build.0 = RelWithDebInfo|x64
		{E867B5E7-1FE0-3A29-89A8-3E7B7CE9AE16}.Debug|x64.ActiveCfg = Debug|x64
		{E867B5E7-1FE0-3A29-89A8-3E7B7CE9AE16}.Debug|x64.Build.0 = Debug|x64
		{E867B5E7-1FE0-3A29-89A8-3E7B7CE9AE16}.Release|x64.ActiveCfg = Release|x64
		{E867B5E7-1FE0-3A29-89A8-3E7B7CE9AE16}.Release|x64.Build.0 = Release|x64
		{E867B5E7-1FE0-3A29-89A8-3E7B7CE9AE16}.MinSizeRel|x64.ActiveCfg = MinSizeRel|x64
		{E867B5E7-1FE0-3A29-89A8-3E7B7CE9AE16}.MinSizeRel|x64.Build.0 = MinSizeRel|x64
		{E867B5E7-1FE0-3A29-89A8-3E7B7CE9AE16}.RelWithDebInfo|x64.ActiveCfg = RelWithDebInfo|x64
		{E867B5E7-1FE0-3A29-89A8-3E7B7CE9AE16}.RelWithDebInfo|x64.Build.0 = RelWithDebInfo|x64
		{05782484-CB3A-361F-843A-0957A0061238}.Debug|x64.ActiveCfg = Debug|x64
		{05782484-CB3A-361F-843A-0957A0061238}.Debug|x64.Build.0 = Debug|x64
		{05782484-CB3A-361F-843A-0957A0061238}.Release|x64.ActiveCfg = Release|x64
		{05782484-CB3A-361F-843A-0957A0061238}.Release|x64.Build.0 = Release|x64
		{05782484-CB3A-361F-843A-0957A0061238}.MinSizeRel|x64.ActiveCfg = MinSizeRel|x64
		{05782484-CB3A-361F-843A-0957A0061238}.MinSizeRel|x64.Build.0 = MinSizeRel|x64
		{05782484-CB3A-361F-843A-0957A0061238}.RelWithDebInfo|x64.ActiveCfg = RelWithDebInfo|x64
		{05782484-CB3A-361F-843A-0957A0061238}.RelWithDebInfo|x64.Build.0 = RelWithDebInfo|x64
		{B0830E0F-5126-340B-BF0E-215880161605}.Debug|x64.ActiveCfg = Debug|x64
		{B0830E0F-5126-340B-BF0E-215880161605}.Debug|x64.Build.0 = Debug|x64
		{B0830E0F-5126-340B-BF0E-215880161605}.Release|x64.ActiveCfg = Release|x64
		{B0830E0F-5126-340B-BF0E-215880161605}.Release|x64.Build.0 = Release|x64
		{B0830E0F-5126-340B-BF0E-215880161605}.MinSizeRel|x64.ActiveCfg = MinSizeRel|x64
		{B0830E0F-5126-340B-BF0E-215880161605}.MinSizeRel|x64.Build.0 = MinSizeRel|x64
		{B0830E0F-5126-340B-BF0E-215880161605}.RelWithDebInfo|x64.ActiveCfg = RelWithDebInfo|x64
		{B0830E0F-5126-340B-BF0E-215880161605}.RelWithDebInfo|x64.Build.0 = RelWithDebInfo|x64
		{F09C61BF-9472-31BD-9DED-37B6820CEAA8}.Debug|x64.ActiveCfg = Debug|x64
		{F09C61BF-9472-31BD-9DED-37B6820CEAA8}.Debug|x64.Build.0 = Debug|x64
		{F09C61BF-9472-31BD-9DED-37B6820CEAA8}.Release|x64.ActiveCfg = Release|x64
		{F09C61BF-9472-31BD-9DED-37B6820CEAA8}.Release|x64.Build.0 = Release|x64
		{F09C61BF-9472-31BD-9DED-37B6820CEAA8}.MinSizeRel|x64.ActiveCfg = MinSizeRel|x64
		{F09C61BF-9472-31BD-9DED-37B6820CEAA8}.MinSizeRel|x64.Build.0 = MinSizeRel|x64
		{F09C61BF-9472-31BD-9DED-37B6820CEAA8}.RelWithDebInfo|x64.ActiveCfg = RelWithDebInfo|x64
		{F09C61BF-9472-31BD-9DED-37B6820CEAA8}.RelWithDebInfo|x64.Build.0 = RelWithDebInfo|x64
		{6A595B36-DD6E-33A3-9C9A-9AD908CAF33A}.Debug|x64.ActiveCfg = Debug|x64
		{6A595B36-DD6E-33A3-9C9A-9AD908CAF33A}.Debug|x64.Build.0 = Debug|x64
		{6A595B36-DD6E-33A3-9C9A-9AD908CAF33A}.Release|x64.ActiveCfg = Release|x64
		{6A595B36-DD6E-33A3-9C9A-9AD908CAF33A}.Release|x64.Build.0 = Release|x64
		{6A595B36-DD6E-33A3-9C9A-9AD908CAF33A}.MinSizeRel|x64.ActiveCfg = MinSizeRel|x64
		{6A595B36-DD6E-33A3-9C9A-9AD908CAF33A}.MinSizeRel|x64.Build.0 = MinSizeRel|x64
		{6A595B36-DD6E-33A3-9C9A-9AD908CAF33A}.RelWithDebInfo|x64.ActiveCfg = RelWithDebInfo|x64
		{6A595B36-DD6E-33A3-9C9A-9AD908CAF33A}.RelWithDebInfo|x64.Build.0 = RelWithDebInfo|x64
		{4C38B598-C867-352E-B606-3EB2D704D233}.Debug|x64.ActiveCfg = Debug|x64
		{4C38B598-C867-352E-B606-3EB2D704D233}.Debug|x64.Build.0 = Debug|x64
		{4C38B598-C867-352E-B606-3EB2D704D233}.Release|x64.ActiveCfg = Release|x64
		{4C38B598-C867-352E-B606-3EB2D704D233}.Release|x64.Build.0 = Release|x64
		{4C38B598-C867-352E-B606-3EB2D704D233}.MinSizeRel|x64.ActiveCfg = MinSizeRel|x64
		{4C38B598-C867-352E-B606-3EB2D704D233}.MinSizeRel|x64.Build.0 = MinSizeRel|x64
		{4C38B598-C867-352E-B606-3EB2D704D233}.RelWithDebInfo|x64.ActiveCfg = RelWithDebInfo|x64
		{4C38B598-C867-352E-B606-3EB2D704D233}.RelWithDebInfo|x64.Build.0 = RelWithDebInfo|x64
		{C5DD844F-A7FC-3440-BAF5-4547DAB4D87B}.Debug|x64.ActiveCfg = Debug|x64
		{C5DD844F-A7FC-3440-BAF5-4547DAB4D87B}.Debug|x64.Build.0 = Debug|x64
		{C5DD844F-A7FC-3440-BAF5-4547DAB4D87B}.Release|x64.ActiveCfg = Release|x64
		{C5DD844F-A7FC-3440-BAF5-4547DAB4D87B}.Release|x64.Build.0 = Release|x64
		{C5DD844F-A7FC-3440-BAF5-4547DAB4D87B}.MinSizeRel|x64.ActiveCfg = MinSizeRel|x64
		{C5DD844F-A7FC-3440-BAF5-4547DAB4D87B}.MinSizeRel|x64.Build.0 = MinSizeRel|x64
		{C5DD844F-A7FC-3440-BAF5-4547DAB4D87B}.RelWithDebInfo|x64.ActiveCfg = RelWithDebInfo|x64
		{C5DD844F-A7FC-3440-BAF5-4547DAB4D87B}.RelWithDebInfo|x64.Build.0 = RelWithDebInfo|x64
		{5FA90672-2BCB-3475-BF2F-C73941AD2328}.Debug|x64.ActiveCfg = Debug|x64
		{5FA90672-2BCB-3475-BF2F-C73941AD2328}.Debug|x64.Build.0 = Debug|x64
		{5FA90672-2BCB-3475-BF2F-C73941AD2328}.Release|x64.ActiveCfg = Release|x64
		{5FA90672-2BCB-3475-BF2F-C73941AD2328}.Release|x64.Build.0 = Release|x64
		{5FA90672-2BCB-3475-BF2F-C73941AD2328}.MinSizeRel|x64.ActiveCfg = MinSizeRel|x64
		{5FA90672-2BCB-3475-BF2F-C73941AD2328}.MinSizeRel|x64.Build.0 = MinSizeRel|x64
		{5FA90672-2BCB-3475-BF2F-C73941AD2328}.RelWithDebInfo|x64.ActiveCfg = RelWithDebInfo|x64
		{5FA90672-2BCB-3475-BF2F-C73941AD2328}.RelWithDebInfo|x64.Build.0 = RelWithDebInfo|x64
		{4458295B-8FED-3756-8405-A3C9ACBB251F}.Debug|x64.ActiveCfg = Debug|x64
		{4458295B-8FED-3756-8405-A3C9ACBB251F}.Debug|x64.Build.0 = Debug|x64
		{4458295B-8FED-3756-8405-A3C9ACBB251F}.Release|x64.ActiveCfg = Release|x64
		{4458295B-8FED-3756-8405-A3C9ACBB251F}.Release|x64.Build.0 = Release|x64
		{4458295B-8FED-3756-8405-A3C9ACBB251F}.MinSizeRel|x64.ActiveCfg = MinSizeRel|x64
		{4458295B-8FED-3756-8405-A3C9ACBB251F}.MinSizeRel|x64.Build.0 = MinSizeRel|x64
		{4458295B-8FED-3756-8405-A3C9ACBB251F}.RelWithDebInfo|x64.ActiveCfg = RelWithDebInfo|x64
		{4458295B-8FED-3756-8405-A3C9ACBB251F}.RelWithDebInfo|x64.Build.0 = RelWithDebInfo|x64
		{1570B84C-49EC-3B7E-A013-AE48327943A5}.Debug|x64.ActiveCfg = Debug|x64
		{1570B84C-49EC-3B7E-A013-AE48327943A5}.Debug|x64.Build.0 = Debug|x64
		{1570B84C-49EC-3B7E-A013-AE48327943A5}.Release|x64.ActiveCfg = Release|x64
		{1570B84C-49EC-3B7E-A013-AE48327943A5}.Release|x64.Build.0 = Release|x64
		{1570B84C-49EC-3B7E-A013-AE48327943A5}.MinSizeRel|x64.ActiveCfg = MinSizeRel|x64
		{1570B84C-49EC-3B7E-A013-AE48327943A5}.MinSizeRel|x64.Build.0 = MinSizeRel|x64
		{1570B84C-49EC-3B7E-A013-AE48327943A5}.RelWithDebInfo|x64.ActiveCfg = RelWithDebInfo|x64
		{1570B84C-49EC-3B7E-A013-AE48327943A5}.RelWithDebInfo|x64.Build.0 = RelWithDebInfo|x64
		{13D1F373-E737-331C-AAAA-68F842D05E2C}.Debug|x64.ActiveCfg = Debug|x64
		{13D1F373-E737-331C-AAAA-68F842D05E2C}.Debug|x64.Build.0 = Debug|x64
		{13D1F373-E737-331C-AAAA-68F842D05E2C}.Release|x64.ActiveCfg = Release|x64
		{13D1F373-E737-331C-AAAA-68F842D05E2C}.Release|x64.Build.0 = Release|x64
		{13D1F373-E737-331C-AAAA-68F842D05E2C}.MinSizeRel|x64.ActiveCfg = MinSizeRel|x64
		{13D1F373-E737-331C-AAAA-68F842D05E2C}.MinSizeRel|x64.Build.0 = MinSizeRel|x64
		{13D1F373-E737-331C-AAAA-68F842D05E2C}.RelWithDebInfo|x64.ActiveCfg = RelWithDebInfo|x64
		{13D1F373-E737-331C-AAAA-68F842D05E2C}.RelWithDebInfo|x64.Build.0 = RelWithDebInfo|x64
		{EE58614B-F1B4-375D-9391-213A02AD8029}.Debug|x64.ActiveCfg = Debug|x64
		{EE58614B-F1B4-375D-9391-213A02AD8029}.Debug|x64.Build.0 = Debug|x64
		{EE58614B-F1B4-375D-9391-213A02AD8029}.Release|x64.ActiveCfg = Release|x64
		{EE58614B-F1B4-375D-9391-213A02AD8029}.Release|x64.Build.0 = Release|x64
		{EE58614B-F1B4-375D-9391-213A02AD8029}.MinSizeRel|x64.ActiveCfg = MinSizeRel|x64
		{EE58614B-F1B4-375D-9391-213A02AD8029}.MinSizeRel|x64.Build.0 = MinSizeRel|x64
		{EE58614B-F1B4-375D-9391-213A02AD8029}.RelWithDebInfo|x64.ActiveCfg = RelWithDebInfo|x64
		{EE58614B-F1B4-375D-9391-213A02AD8029}.RelWithDebInfo|x64.Build.0 = RelWithDebInfo|x64
		{4BD31BC8-4F5E-36F0-8F5C-BC3E74F0A15C}.Debug|x64.ActiveCfg = Debug|x64
		{4BD31BC8-4F5E-36F0-8F5C-BC3E74F0A15C}.Debug|x64.Build.0 = Debug|x64
		{4BD31BC8-4F5E-36F0-8F5C-BC3E74F0A15C}.Release|x64.ActiveCfg = Release|x64
		{4BD31BC8-4F5E-36F0-8F5C-BC3E74F0A15C}.Release|x64.Build.0 = Release|x64
		{4BD31BC8-4F5E-36F0-8F5C-BC3E74F0A15C}.MinSizeRel|x64.ActiveCfg = MinSizeRel|x64
		{4BD31BC8-4F5E-36F0-8F5C-BC3E74F0A15C}.MinSizeRel|x64.Build.0 = MinSizeRel|x64
		{4BD31BC8-4F5E-36F0-8F5C-BC3E74F0A15C}.RelWithDebInfo|x64.ActiveCfg = RelWithDebInfo|x64
		{4BD31BC8-4F5E-36F0-8F5C-BC3E74F0A15C}.RelWithDebInfo|x64.Build.0 = RelWithDebInfo|x64
		{215F87FA-0685-30B4-B8C4-EDA8EA35D0DF}.Debug|x64.ActiveCfg = Debug|x64
		{215F87FA-0685-30B4-B8C4-EDA8EA35D0DF}.Debug|x64.Build.0 = Debug|x64
		{215F87FA-0685-30B4-B8C4-EDA8EA35D0DF}.Release|x64.ActiveCfg = Release|x64
		{215F87FA-0685-30B4-B8C4-EDA8EA35D0DF}.Release|x64.Build.0 = Release|x64
		{215F87FA-0685-30B4-B8C4-EDA8EA35D0DF}.MinSizeRel|x64.ActiveCfg = MinSizeRel|x64
		{215F87FA-0685-30B4-B8C4-EDA8EA35D0DF}.MinSizeRel|x64.Build.0 = MinSizeRel|x64
		{215F87FA-0685-30B4-B8C4-EDA8EA35D0DF}.RelWithDebInfo|x64.ActiveCfg = RelWithDebInfo|x64
		{215F87FA-0685-30B4-B8C4-EDA8EA35D0DF}.RelWithDebInfo|x64.Build.0 = RelWithDebInfo|x64
		{87AC48C4-0EE4-3752-9AEA-4776296FCF5B}.Debug|x64.ActiveCfg = Debug|x64
		{87AC48C4-0EE4-3752-9AEA-4776296FCF5B}.Debug|x64.Build.0 = Debug|x64
		{87AC48C4-0EE4-3752-9AEA-4776296FCF5B}.Release|x64.ActiveCfg = Release|x64
		{87AC48C4-0EE4-3752-9AEA-4776296FCF5B}.Release|x64.Build.0 = Release|x64
		{87AC48C4-0EE4-3752-9AEA-4776296FCF5B}.MinSizeRel|x64.ActiveCfg = MinSizeRel|x64
		{87AC48C4-0EE4-3752-9AEA-4776296FCF5B}.MinSizeRel|x64.Build.0 = MinSizeRel|x64
		{87AC48C4-0EE4-3752-9AEA-4776296FCF5B}.RelWithDebInfo|x64.ActiveCfg = RelWithDebInfo|x64
		{87AC48C4-0EE4-3752-9AEA-4776296FCF5B}.RelWithDebInfo|x64.Build.0 = RelWithDebInfo|x64
	EndGlobalSection
	GlobalSection(ExtensibilityGlobals) = postSolution
		SolutionGuid = {4BEA4FA3-1B1C-3237-BCC7-FBBFC0F9539D}
	EndGlobalSection
	GlobalSection(ExtensibilityAddIns) = postSolution
	EndGlobalSection
EndGlobal
